
Microsoft Visual Studio Solution File, Format Version 12.00
# Visual Studio Version 16
VisualStudioVersion = 16.0.29519.87
MinimumVisualStudioVersion = 10.0.40219.1
Project("{FAE04EC0-301F-11D3-BF4B-00C04F79EFBC}") = "BattleshipExercise", "BattleshipExercise.csproj", "{614D1180-2A21-4A7D-9A20-CA653DA3C35A}"
EndProject
Global
	GlobalSection(SolutionConfigurationPlatforms) = preSolution
		Debug|Any CPU = Debug|Any CPU
		Release|Any CPU = Release|Any CPU
	EndGlobalSection
	GlobalSection(ProjectConfigurationPlatforms) = postSolution
		{614D1180-2A21-4A7D-9A20-CA653DA3C35A}.Debug|Any CPU.ActiveCfg = Debug|Any CPU
		{614D1180-2A21-4A7D-9A20-CA653DA3C35A}.Debug|Any CPU.Build.0 = Debug|Any CPU
		{614D1180-2A21-4A7D-9A20-CA653DA3C35A}.Release|Any CPU.ActiveCfg = Release|Any CPU
		{614D1180-2A21-4A7D-9A20-CA653DA3C35A}.Release|Any CPU.Build.0 = Release|Any CPU
	EndGlobalSection
	GlobalSection(SolutionProperties) = preSolution
		HideSolutionNode = FALSE
	EndGlobalSection
	GlobalSection(ExtensibilityGlobals) = postSolution
		SolutionGuid = {42F778EC-79FE-42B2-BEBD-2649D85B1846}
	EndGlobalSection
EndGlobal
